
Microsoft Visual Studio Solution File, Format Version 11.00
# Visual Studio 2010
Project("{FAE04EC0-301F-11D3-BF4B-00C04F79EFBC}") = "Paths", "Paths\Paths\Paths.csproj", "{F53A0F58-45D9-4A90-BD85-16BF2DB021C1}"
EndProject
Project("{FAE04EC0-301F-11D3-BF4B-00C04F79EFBC}") = "PathsContent", "Paths\PathsContent\PathsContent.contentproj", "{5D17D274-8D8D-4F27-9D24-AD29B66B9E9A}"
EndProject
Global
	GlobalSection(SolutionConfigurationPlatforms) = preSolution
		Debug|x86 = Debug|x86
		Release|x86 = Release|x86
	EndGlobalSection
	GlobalSection(ProjectConfigurationPlatforms) = postSolution
		{F53A0F58-45D9-4A90-BD85-16BF2DB021C1}.Debug|x86.ActiveCfg = Debug|x86
		{F53A0F58-45D9-4A90-BD85-16BF2DB021C1}.Debug|x86.Build.0 = Debug|x86
		{F53A0F58-45D9-4A90-BD85-16BF2DB021C1}.Release|x86.ActiveCfg = Release|x86
		{F53A0F58-45D9-4A90-BD85-16BF2DB021C1}.Release|x86.Build.0 = Release|x86
		{5D17D274-8D8D-4F27-9D24-AD29B66B9E9A}.Debug|x86.ActiveCfg = Debug|x86
		{5D17D274-8D8D-4F27-9D24-AD29B66B9E9A}.Release|x86.ActiveCfg = Release|x86
	EndGlobalSection
	GlobalSection(SolutionProperties) = preSolution
		HideSolutionNode = FALSE
	EndGlobalSection
EndGlobal
